
Microsoft Visual Studio Solution File, Format Version 12.00
# Visual Studio Version 17
VisualStudioVersion = 17.4.33122.133
MinimumVisualStudioVersion = 10.0.40219.1
Project("{FAE04EC0-301F-11D3-BF4B-00C04F79EFBC}") = "practicaTres", "practicaTres\practicaTres.csproj", "{916CFA95-BA21-4263-8A47-32D252DEBDBE}"
EndProject
Global
	GlobalSection(SolutionConfigurationPlatforms) = preSolution
		Debug|Any CPU = Debug|Any CPU
		Release|Any CPU = Release|Any CPU
	EndGlobalSection
	GlobalSection(ProjectConfigurationPlatforms) = postSolution
		{916CFA95-BA21-4263-8A47-32D252DEBDBE}.Debug|Any CPU.ActiveCfg = Debug|Any CPU
		{916CFA95-BA21-4263-8A47-32D252DEBDBE}.Debug|Any CPU.Build.0 = Debug|Any CPU
		{916CFA95-BA21-4263-8A47-32D252DEBDBE}.Release|Any CPU.ActiveCfg = Release|Any CPU
		{916CFA95-BA21-4263-8A47-32D252DEBDBE}.Release|Any CPU.Build.0 = Release|Any CPU
	EndGlobalSection
	GlobalSection(SolutionProperties) = preSolution
		HideSolutionNode = FALSE
	EndGlobalSection
	GlobalSection(ExtensibilityGlobals) = postSolution
		SolutionGuid = {21016CE4-474E-4C63-8639-9B5001FECE05}
	EndGlobalSection
EndGlobal
